
Microsoft Visual Studio Solution File, Format Version 12.00
# Visual Studio Version 16
VisualStudioVersion = 16.0.30309.148
MinimumVisualStudioVersion = 10.0.40219.1
Project("{FAE04EC0-301F-11D3-BF4B-00C04F79EFBC}") = "FootballTeamsRanking", "FootballTeamsRanking\FootballTeamsRanking.csproj", "{93D9149C-65F9-43F8-BD10-B5CB8E28B3F3}"
EndProject
Project("{FAE04EC0-301F-11D3-BF4B-00C04F79EFBC}") = "FootballTeamsRanking.Test", "FootballTeamsRanking.Test\FootballTeamsRanking.Test.csproj", "{0A209CA5-BD21-460D-90B5-086FC24897C6}"
EndProject
Global
	GlobalSection(SolutionConfigurationPlatforms) = preSolution
		Debug|Any CPU = Debug|Any CPU
		Release|Any CPU = Release|Any CPU
	EndGlobalSection
	GlobalSection(ProjectConfigurationPlatforms) = postSolution
		{93D9149C-65F9-43F8-BD10-B5CB8E28B3F3}.Debug|Any CPU.ActiveCfg = Debug|Any CPU
		{93D9149C-65F9-43F8-BD10-B5CB8E28B3F3}.Debug|Any CPU.Build.0 = Debug|Any CPU
		{93D9149C-65F9-43F8-BD10-B5CB8E28B3F3}.Release|Any CPU.ActiveCfg = Release|Any CPU
		{93D9149C-65F9-43F8-BD10-B5CB8E28B3F3}.Release|Any CPU.Build.0 = Release|Any CPU
		{0A209CA5-BD21-460D-90B5-086FC24897C6}.Debug|Any CPU.ActiveCfg = Debug|Any CPU
		{0A209CA5-BD21-460D-90B5-086FC24897C6}.Debug|Any CPU.Build.0 = Debug|Any CPU
		{0A209CA5-BD21-460D-90B5-086FC24897C6}.Release|Any CPU.ActiveCfg = Release|Any CPU
		{0A209CA5-BD21-460D-90B5-086FC24897C6}.Release|Any CPU.Build.0 = Release|Any CPU
	EndGlobalSection
	GlobalSection(SolutionProperties) = preSolution
		HideSolutionNode = FALSE
	EndGlobalSection
	GlobalSection(ExtensibilityGlobals) = postSolution
		SolutionGuid = {F9B205AB-0142-4E32-8377-488FE9D00994}
	EndGlobalSection
EndGlobal
